// !$*UTF8*$!
{
	archiveVersion = 1;
	classes = {
	};
	objectVersion = 50;
	objects = {

/* Begin PBXBuildFile section */
		1766E1B5257F8A1900EEC9DA /* AAPLEAGLLayer.m in Sources */ = {isa = PBXBuildFile; fileRef = 1766E1B4257F8A1900EEC9DA /* AAPLEAGLLayer.m */; };
		176F8836258766E000CA11FB /* MSCamPreviewView.m in Sources */ = {isa = PBXBuildFile; fileRef = 176F882E258766E000CA11FB /* MSCamPreviewView.m */; };
		176F8837258766E000CA11FB /* MSVideoDecoder.m in Sources */ = {isa = PBXBuildFile; fileRef = 176F8831258766E000CA11FB /* MSVideoDecoder.m */; };
		176F8838258766E000CA11FB /* MSVideoEncoder.m in Sources */ = {isa = PBXBuildFile; fileRef = 176F8832258766E000CA11FB /* MSVideoEncoder.m */; };
		17A58E5225889FC600CDE49A /* MSAudioEncoder.m in Sources */ = {isa = PBXBuildFile; fileRef = 17A58E5125889FC600CDE49A /* MSAudioEncoder.m */; };
		17A58E5825889FD300CDE49A /* MSAudioDecoder.m in Sources */ = {isa = PBXBuildFile; fileRef = 17A58E5725889FD300CDE49A /* MSAudioDecoder.m */; };
		17C0F5052552B1B40057976A /* AppDelegate.m in Sources */ = {isa = PBXBuildFile; fileRef = 17C0F5042552B1B40057976A /* AppDelegate.m */; };
		17C0F5082552B1B40057976A /* SceneDelegate.m in Sources */ = {isa = PBXBuildFile; fileRef = 17C0F5072552B1B40057976A /* SceneDelegate.m */; };
		17C0F50B2552B1B40057976A /* ViewController.m in Sources */ = {isa = PBXBuildFile; fileRef = 17C0F50A2552B1B40057976A /* ViewController.m */; };
		17C0F50E2552B1B40057976A /* Main.storyboard in Resources */ = {isa = PBXBuildFile; fileRef = 17C0F50C2552B1B40057976A /* Main.storyboard */; };
		17C0F5102552B1B70057976A /* Assets.xcassets in Resources */ = {isa = PBXBuildFile; fileRef = 17C0F50F2552B1B70057976A /* Assets.xcassets */; };
		17C0F5132552B1B70057976A /* LaunchScreen.storyboard in Resources */ = {isa = PBXBuildFile; fileRef = 17C0F5112552B1B70057976A /* LaunchScreen.storyboard */; };
		17C0F5162552B1B70057976A /* main.m in Sources */ = {isa = PBXBuildFile; fileRef = 17C0F5152552B1B70057976A /* main.m */; };
		17C0F5202552B1B70057976A /* LiveShowCDTests.m in Sources */ = {isa = PBXBuildFile; fileRef = 17C0F51F2552B1B70057976A /* LiveShowCDTests.m */; };
		17C0F52B2552B1B70057976A /* LiveShowCDUITests.m in Sources */ = {isa = PBXBuildFile; fileRef = 17C0F52A2552B1B70057976A /* LiveShowCDUITests.m */; };
		17C0F5452552B2E20057976A /* VideoToolbox.framework in Frameworks */ = {isa = PBXBuildFile; fileRef = 17C0F5442552B2E20057976A /* VideoToolbox.framework */; };
		17C0F5472552B2E80057976A /* AudioToolbox.framework in Frameworks */ = {isa = PBXBuildFile; fileRef = 17C0F5462552B2E80057976A /* AudioToolbox.framework */; };
		17C0F5492552B2EE0057976A /* AVFoundation.framework in Frameworks */ = {isa = PBXBuildFile; fileRef = 17C0F5482552B2EE0057976A /* AVFoundation.framework */; };
		5387DEDA665675E9F20E3327 /* Pods_LiveShowCD_LiveShowCDUITests.framework in Frameworks */ = {isa = PBXBuildFile; fileRef = 2C81CCD45143E0282D23C9D0 /* Pods_LiveShowCD_LiveShowCDUITests.framework */; };
		67933700C9BA0C0E7BA1848C /* Pods_LiveShowCDTests.framework in Frameworks */ = {isa = PBXBuildFile; fileRef = CF97066376D60A73CCEFA85C /* Pods_LiveShowCDTests.framework */; };
		7312F9B602BCC4B6673D558D /* Pods_LiveShowCD.framework in Frameworks */ = {isa = PBXBuildFile; fileRef = B8BB41E9A977F5182C8BB9EB /* Pods_LiveShowCD.framework */; };
/* End PBXBuildFile section */

/* Begin PBXContainerItemProxy section */
		17C0F51C2552B1B70057976A /* PBXContainerItemProxy */ = {
			isa = PBXContainerItemProxy;
			containerPortal = 17C0F4F82552B1B40057976A /* Project object */;
			proxyType = 1;
			remoteGlobalIDString = 17C0F4FF2552B1B40057976A;
			remoteInfo = LiveShowCD;
		};
		17C0F5272552B1B70057976A /* PBXContainerItemProxy */ = {
			isa = PBXContainerItemProxy;
			containerPortal = 17C0F4F82552B1B40057976A /* Project object */;
			proxyType = 1;
			remoteGlobalIDString = 17C0F4FF2552B1B40057976A;
			remoteInfo = LiveShowCD;
		};
/* End PBXContainerItemProxy section */

/* Begin PBXFileReference section */
		1766E1B3257F8A1900EEC9DA /* AAPLEAGLLayer.h */ = {isa = PBXFileReference; fileEncoding = 4; lastKnownFileType = sourcecode.c.h; path = AAPLEAGLLayer.h; sourceTree = "<group>"; };
		1766E1B4257F8A1900EEC9DA /* AAPLEAGLLayer.m */ = {isa = PBXFileReference; fileEncoding = 4; lastKnownFileType = sourcecode.c.objc; path = AAPLEAGLLayer.m; sourceTree = "<group>"; };
		176F882D258766E000CA11FB /* MSCamPreviewView.h */ = {isa = PBXFileReference; fileEncoding = 4; lastKnownFileType = sourcecode.c.h; path = MSCamPreviewView.h; sourceTree = "<group>"; };
		176F882E258766E000CA11FB /* MSCamPreviewView.m */ = {isa = PBXFileReference; fileEncoding = 4; lastKnownFileType = sourcecode.c.objc; path = MSCamPreviewView.m; sourceTree = "<group>"; };
		176F8830258766E000CA11FB /* MSVideoEncoder.h */ = {isa = PBXFileReference; fileEncoding = 4; lastKnownFileType = sourcecode.c.h; path = MSVideoEncoder.h; sourceTree = "<group>"; };
		176F8831258766E000CA11FB /* MSVideoDecoder.m */ = {isa = PBXFileReference; fileEncoding = 4; lastKnownFileType = sourcecode.c.objc; path = MSVideoDecoder.m; sourceTree = "<group>"; };
		176F8832258766E000CA11FB /* MSVideoEncoder.m */ = {isa = PBXFileReference; fileEncoding = 4; lastKnownFileType = sourcecode.c.objc; path = MSVideoEncoder.m; sourceTree = "<group>"; };
		176F8833258766E000CA11FB /* MSVideoDecoder.h */ = {isa = PBXFileReference; fileEncoding = 4; lastKnownFileType = sourcecode.c.h; path = MSVideoDecoder.h; sourceTree = "<group>"; };
		176F8835258766E000CA11FB /* MSDefineHeader.h */ = {isa = PBXFileReference; fileEncoding = 4; lastKnownFileType = sourcecode.c.h; path = MSDefineHeader.h; sourceTree = "<group>"; };
		17A58E5025889FC600CDE49A /* MSAudioEncoder.h */ = {isa = PBXFileReference; lastKnownFileType = sourcecode.c.h; path = MSAudioEncoder.h; sourceTree = "<group>"; };
		17A58E5125889FC600CDE49A /* MSAudioEncoder.m */ = {isa = PBXFileReference; lastKnownFileType = sourcecode.c.objc; path = MSAudioEncoder.m; sourceTree = "<group>"; };
		17A58E5625889FD300CDE49A /* MSAudioDecoder.h */ = {isa = PBXFileReference; lastKnownFileType = sourcecode.c.h; path = MSAudioDecoder.h; sourceTree = "<group>"; };
		17A58E5725889FD300CDE49A /* MSAudioDecoder.m */ = {isa = PBXFileReference; lastKnownFileType = sourcecode.c.objc; path = MSAudioDecoder.m; sourceTree = "<group>"; };
		17C0F5002552B1B40057976A /* LiveShowCD.app */ = {isa = PBXFileReference; explicitFileType = wrapper.application; includeInIndex = 0; path = LiveShowCD.app; sourceTree = BUILT_PRODUCTS_DIR; };
		17C0F5032552B1B40057976A /* AppDelegate.h */ = {isa = PBXFileReference; lastKnownFileType = sourcecode.c.h; path = AppDelegate.h; sourceTree = "<group>"; };
		17C0F5042552B1B40057976A /* AppDelegate.m */ = {isa = PBXFileReference; lastKnownFileType = sourcecode.c.objc; path = AppDelegate.m; sourceTree = "<group>"; };
		17C0F5062552B1B40057976A /* SceneDelegate.h */ = {isa = PBXFileReference; lastKnownFileType = sourcecode.c.h; path = SceneDelegate.h; sourceTree = "<group>"; };
		17C0F5072552B1B40057976A /* SceneDelegate.m */ = {isa = PBXFileReference; lastKnownFileType = sourcecode.c.objc; path = SceneDelegate.m; sourceTree = "<group>"; };
		17C0F5092552B1B40057976A /* ViewController.h */ = {isa = PBXFileReference; lastKnownFileType = sourcecode.c.h; path = ViewController.h; sourceTree = "<group>"; };
		17C0F50A2552B1B40057976A /* ViewController.m */ = {isa = PBXFileReference; lastKnownFileType = sourcecode.c.objc; path = ViewController.m; sourceTree = "<group>"; };
		17C0F50D2552B1B40057976A /* Base */ = {isa = PBXFileReference; lastKnownFileType = file.storyboard; name = Base; path = Base.lproj/Main.storyboard; sourceTree = "<group>"; };
		17C0F50F2552B1B70057976A /* Assets.xcassets */ = {isa = PBXFileReference; lastKnownFileType = folder.assetcatalog; path = Assets.xcassets; sourceTree = "<group>"; };
		17C0F5122552B1B70057976A /* Base */ = {isa = PBXFileReference; lastKnownFileType = file.storyboard; name = Base; path = Base.lproj/LaunchScreen.storyboard; sourceTree = "<group>"; };
		17C0F5142552B1B70057976A /* Info.plist */ = {isa = PBXFileReference; lastKnownFileType = text.plist.xml; path = Info.plist; sourceTree = "<group>"; };
		17C0F5152552B1B70057976A /* main.m */ = {isa = PBXFileReference; lastKnownFileType = sourcecode.c.objc; path = main.m; sourceTree = "<group>"; };
		17C0F51B2552B1B70057976A /* LiveShowCDTests.xctest */ = {isa = PBXFileReference; explicitFileType = wrapper.cfbundle; includeInIndex = 0; path = LiveShowCDTests.xctest; sourceTree = BUILT_PRODUCTS_DIR; };
		17C0F51F2552B1B70057976A /* LiveShowCDTests.m */ = {isa = PBXFileReference; lastKnownFileType = sourcecode.c.objc; path = LiveShowCDTests.m; sourceTree = "<group>"; };
		17C0F5212552B1B70057976A /* Info.plist */ = {isa = PBXFileReference; lastKnownFileType = text.plist.xml; path = Info.plist; sourceTree = "<group>"; };
		17C0F5262552B1B70057976A /* LiveShowCDUITests.xctest */ = {isa = PBXFileReference; explicitFileType = wrapper.cfbundle; includeInIndex = 0; path = LiveShowCDUITests.xctest; sourceTree = BUILT_PRODUCTS_DIR; };
		17C0F52A2552B1B70057976A /* LiveShowCDUITests.m */ = {isa = PBXFileReference; lastKnownFileType = sourcecode.c.objc; path = LiveShowCDUITests.m; sourceTree = "<group>"; };
		17C0F52C2552B1B70057976A /* Info.plist */ = {isa = PBXFileReference; lastKnownFileType = text.plist.xml; path = Info.plist; sourceTree = "<group>"; };
		17C0F5442552B2E20057976A /* VideoToolbox.framework */ = {isa = PBXFileReference; lastKnownFileType = wrapper.framework; name = VideoToolbox.framework; path = System/Library/Frameworks/VideoToolbox.framework; sourceTree = SDKROOT; };
		17C0F5462552B2E80057976A /* AudioToolbox.framework */ = {isa = PBXFileReference; lastKnownFileType = wrapper.framework; name = AudioToolbox.framework; path = System/Library/Frameworks/AudioToolbox.framework; sourceTree = SDKROOT; };
		17C0F5482552B2EE0057976A /* AVFoundation.framework */ = {isa = PBXFileReference; lastKnownFileType = wrapper.framework; name = AVFoundation.framework; path = System/Library/Frameworks/AVFoundation.framework; sourceTree = SDKROOT; };
		17C0F54A2552B2F60057976A /* libc++.tbd */ = {isa = PBXFileReference; lastKnownFileType = "sourcecode.text-based-dylib-definition"; name = "libc++.tbd"; path = "usr/lib/libc++.tbd"; sourceTree = SDKROOT; };
		17C0F54B2552B2FD0057976A /* libc.tbd */ = {isa = PBXFileReference; lastKnownFileType = "sourcecode.text-based-dylib-definition"; name = libc.tbd; path = usr/lib/libc.tbd; sourceTree = SDKROOT; };
		2C81CCD45143E0282D23C9D0 /* Pods_LiveShowCD_LiveShowCDUITests.framework */ = {isa = PBXFileReference; explicitFileType = wrapper.framework; includeInIndex = 0; path = Pods_LiveShowCD_LiveShowCDUITests.framework; sourceTree = BUILT_PRODUCTS_DIR; };
		31724D94265D61009135804B /* Pods-LiveShowCD.release.xcconfig */ = {isa = PBXFileReference; includeInIndex = 1; lastKnownFileType = text.xcconfig; name = "Pods-LiveShowCD.release.xcconfig"; path = "Target Support Files/Pods-LiveShowCD/Pods-LiveShowCD.release.xcconfig"; sourceTree = "<group>"; };
		55223DCE4E6080391CE2AF0D /* Pods-LiveShowCD.debug.xcconfig */ = {isa = PBXFileReference; includeInIndex = 1; lastKnownFileType = text.xcconfig; name = "Pods-LiveShowCD.debug.xcconfig"; path = "Target Support Files/Pods-LiveShowCD/Pods-LiveShowCD.debug.xcconfig"; sourceTree = "<group>"; };
		B48725921B3F58F096AE9376 /* Pods-LiveShowCD-LiveShowCDUITests.debug.xcconfig */ = {isa = PBXFileReference; includeInIndex = 1; lastKnownFileType = text.xcconfig; name = "Pods-LiveShowCD-LiveShowCDUITests.debug.xcconfig"; path = "Target Support Files/Pods-LiveShowCD-LiveShowCDUITests/Pods-LiveShowCD-LiveShowCDUITests.debug.xcconfig"; sourceTree = "<group>"; };
		B8BB41E9A977F5182C8BB9EB /* Pods_LiveShowCD.framework */ = {isa = PBXFileReference; explicitFileType = wrapper.framework; includeInIndex = 0; path = Pods_LiveShowCD.framework; sourceTree = BUILT_PRODUCTS_DIR; };
		CF97066376D60A73CCEFA85C /* Pods_LiveShowCDTests.framework */ = {isa = PBXFileReference; explicitFileType = wrapper.framework; includeInIndex = 0; path = Pods_LiveShowCDTests.framework; sourceTree = BUILT_PRODUCTS_DIR; };
		E0BF0C2936F8A408DB224C28 /* Pods-LiveShowCDTests.debug.xcconfig */ = {isa = PBXFileReference; includeInIndex = 1; lastKnownFileType = text.xcconfig; name = "Pods-LiveShowCDTests.debug.xcconfig"; path = "Target Support Files/Pods-LiveShowCDTests/Pods-LiveShowCDTests.debug.xcconfig"; sourceTree = "<group>"; };
		E1A5C6CBE76FED59971F96BB /* Pods-LiveShowCD-LiveShowCDUITests.release.xcconfig */ = {isa = PBXFileReference; includeInIndex = 1; lastKnownFileType = text.xcconfig; name = "Pods-LiveShowCD-LiveShowCDUITests.release.xcconfig"; path = "Target Support Files/Pods-LiveShowCD-LiveShowCDUITests/Pods-LiveShowCD-LiveShowCDUITests.release.xcconfig"; sourceTree = "<group>"; };
		EDC162F07DF8CF01419EF3DB /* Pods-LiveShowCDTests.release.xcconfig */ = {isa = PBXFileReference; includeInIndex = 1; lastKnownFileType = text.xcconfig; name = "Pods-LiveShowCDTests.release.xcconfig"; path = "Target Support Files/Pods-LiveShowCDTests/Pods-LiveShowCDTests.release.xcconfig"; sourceTree = "<group>"; };
/* End PBXFileReference section */

/* Begin PBXFrameworksBuildPhase section */
		17C0F4FD2552B1B40057976A /* Frameworks */ = {
			isa = PBXFrameworksBuildPhase;
			buildActionMask = 2147483647;
			files = (
				17C0F5492552B2EE0057976A /* AVFoundation.framework in Frameworks */,
				17C0F5452552B2E20057976A /* VideoToolbox.framework in Frameworks */,
				7312F9B602BCC4B6673D558D /* Pods_LiveShowCD.framework in Frameworks */,
				17C0F5472552B2E80057976A /* AudioToolbox.framework in Frameworks */,
			);
			runOnlyForDeploymentPostprocessing = 0;
		};
		17C0F5182552B1B70057976A /* Frameworks */ = {
			isa = PBXFrameworksBuildPhase;
			buildActionMask = 2147483647;
			files = (
				67933700C9BA0C0E7BA1848C /* Pods_LiveShowCDTests.framework in Frameworks */,
			);
			runOnlyForDeploymentPostprocessing = 0;
		};
		17C0F5232552B1B70057976A /* Frameworks */ = {
			isa = PBXFrameworksBuildPhase;
			buildActionMask = 2147483647;
			files = (
				5387DEDA665675E9F20E3327 /* Pods_LiveShowCD_LiveShowCDUITests.framework in Frameworks */,
			);
			runOnlyForDeploymentPostprocessing = 0;
		};
/* End PBXFrameworksBuildPhase section */

/* Begin PBXGroup section */
		176F882A258766E000CA11FB /* MSMediaKit */ = {
			isa = PBXGroup;
			children = (
				176F882B258766E000CA11FB /* MSAudioCodec */,
				176F882C258766E000CA11FB /* MSDisplay */,
				176F882F258766E000CA11FB /* MSVideoCodec */,
				176F8834258766E000CA11FB /* MSCommon */,
			);
			path = MSMediaKit;
			sourceTree = SOURCE_ROOT;
		};
		176F882B258766E000CA11FB /* MSAudioCodec */ = {
			isa = PBXGroup;
			children = (
				17A58E5025889FC600CDE49A /* MSAudioEncoder.h */,
				17A58E5125889FC600CDE49A /* MSAudioEncoder.m */,
				17A58E5625889FD300CDE49A /* MSAudioDecoder.h */,
				17A58E5725889FD300CDE49A /* MSAudioDecoder.m */,
			);
			path = MSAudioCodec;
			sourceTree = "<group>";
		};
		176F882C258766E000CA11FB /* MSDisplay */ = {
			isa = PBXGroup;
			children = (
				176F882D258766E000CA11FB /* MSCamPreviewView.h */,
				176F882E258766E000CA11FB /* MSCamPreviewView.m */,
			);
			path = MSDisplay;
			sourceTree = "<group>";
		};
		176F882F258766E000CA11FB /* MSVideoCodec */ = {
			isa = PBXGroup;
			children = (
				176F8830258766E000CA11FB /* MSVideoEncoder.h */,
				176F8832258766E000CA11FB /* MSVideoEncoder.m */,
				176F8833258766E000CA11FB /* MSVideoDecoder.h */,
				176F8831258766E000CA11FB /* MSVideoDecoder.m */,
			);
			path = MSVideoCodec;
			sourceTree = "<group>";
		};
		176F8834258766E000CA11FB /* MSCommon */ = {
			isa = PBXGroup;
			children = (
				176F8835258766E000CA11FB /* MSDefineHeader.h */,
			);
			path = MSCommon;
			sourceTree = "<group>";
		};
		17C0F4F72552B1B40057976A = {
			isa = PBXGroup;
			children = (
				17C0F5022552B1B40057976A /* LiveShowCD */,
				17C0F51E2552B1B70057976A /* LiveShowCDTests */,
				17C0F5292552B1B70057976A /* LiveShowCDUITests */,
				17C0F5012552B1B40057976A /* Products */,
				70837DBE22BE600E7CA29D48 /* Pods */,
				478DB7D13898DE32BEA71C15 /* Frameworks */,
			);
			sourceTree = "<group>";
		};
		17C0F5012552B1B40057976A /* Products */ = {
			isa = PBXGroup;
			children = (
				17C0F5002552B1B40057976A /* LiveShowCD.app */,
				17C0F51B2552B1B70057976A /* LiveShowCDTests.xctest */,
				17C0F5262552B1B70057976A /* LiveShowCDUITests.xctest */,
			);
			name = Products;
			sourceTree = "<group>";
		};
		17C0F5022552B1B40057976A /* LiveShowCD */ = {
			isa = PBXGroup;
			children = (
				176F882A258766E000CA11FB /* MSMediaKit */,
				1766E1B3257F8A1900EEC9DA /* AAPLEAGLLayer.h */,
				1766E1B4257F8A1900EEC9DA /* AAPLEAGLLayer.m */,
				17C0F5032552B1B40057976A /* AppDelegate.h */,
				17C0F5042552B1B40057976A /* AppDelegate.m */,
				17C0F5062552B1B40057976A /* SceneDelegate.h */,
				17C0F5072552B1B40057976A /* SceneDelegate.m */,
				17C0F5092552B1B40057976A /* ViewController.h */,
				17C0F50A2552B1B40057976A /* ViewController.m */,
				17C0F50C2552B1B40057976A /* Main.storyboard */,
				17C0F50F2552B1B70057976A /* Assets.xcassets */,
				17C0F5112552B1B70057976A /* LaunchScreen.storyboard */,
				17C0F5142552B1B70057976A /* Info.plist */,
				17C0F5152552B1B70057976A /* main.m */,
			);
			path = LiveShowCD;
			sourceTree = "<group>";
		};
		17C0F51E2552B1B70057976A /* LiveShowCDTests */ = {
			isa = PBXGroup;
			children = (
				17C0F51F2552B1B70057976A /* LiveShowCDTests.m */,
				17C0F5212552B1B70057976A /* Info.plist */,
			);
			path = LiveShowCDTests;
			sourceTree = "<group>";
		};
		17C0F5292552B1B70057976A /* LiveShowCDUITests */ = {
			isa = PBXGroup;
			children = (
				17C0F52A2552B1B70057976A /* LiveShowCDUITests.m */,
				17C0F52C2552B1B70057976A /* Info.plist */,
			);
			path = LiveShowCDUITests;
			sourceTree = "<group>";
		};
		478DB7D13898DE32BEA71C15 /* Frameworks */ = {
			isa = PBXGroup;
			children = (
				17C0F54B2552B2FD0057976A /* libc.tbd */,
				17C0F54A2552B2F60057976A /* libc++.tbd */,
				17C0F5482552B2EE0057976A /* AVFoundation.framework */,
				17C0F5462552B2E80057976A /* AudioToolbox.framework */,
				17C0F5442552B2E20057976A /* VideoToolbox.framework */,
				B8BB41E9A977F5182C8BB9EB /* Pods_LiveShowCD.framework */,
				2C81CCD45143E0282D23C9D0 /* Pods_LiveShowCD_LiveShowCDUITests.framework */,
				CF97066376D60A73CCEFA85C /* Pods_LiveShowCDTests.framework */,
			);
			name = Frameworks;
			sourceTree = "<group>";
		};
		70837DBE22BE600E7CA29D48 /* Pods */ = {
			isa = PBXGroup;
			children = (
				55223DCE4E6080391CE2AF0D /* Pods-LiveShowCD.debug.xcconfig */,
				31724D94265D61009135804B /* Pods-LiveShowCD.release.xcconfig */,
				B48725921B3F58F096AE9376 /* Pods-LiveShowCD-LiveShowCDUITests.debug.xcconfig */,
				E1A5C6CBE76FED59971F96BB /* Pods-LiveShowCD-LiveShowCDUITests.release.xcconfig */,
				E0BF0C2936F8A408DB224C28 /* Pods-LiveShowCDTests.debug.xcconfig */,
				EDC162F07DF8CF01419EF3DB /* Pods-LiveShowCDTests.release.xcconfig */,
			);
			path = Pods;
			sourceTree = "<group>";
		};
/* End PBXGroup section */

/* Begin PBXNativeTarget section */
		17C0F4FF2552B1B40057976A /* LiveShowCD */ = {
			isa = PBXNativeTarget;
			buildConfigurationList = 17C0F52F2552B1B70057976A /* Build configuration list for PBXNativeTarget "LiveShowCD" */;
			buildPhases = (
				F35D9EC622CF4256B78519FB /* [CP] Check Pods Manifest.lock */,
				17C0F4FC2552B1B40057976A /* Sources */,
				17C0F4FD2552B1B40057976A /* Frameworks */,
				17C0F4FE2552B1B40057976A /* Resources */,
			);
			buildRules = (
			);
			dependencies = (
			);
			name = LiveShowCD;
			productName = LiveShowCD;
			productReference = 17C0F5002552B1B40057976A /* LiveShowCD.app */;
			productType = "com.apple.product-type.application";
		};
		17C0F51A2552B1B70057976A /* LiveShowCDTests */ = {
			isa = PBXNativeTarget;
			buildConfigurationList = 17C0F5322552B1B70057976A /* Build configuration list for PBXNativeTarget "LiveShowCDTests" */;
			buildPhases = (
				F43CFD305D34B9023F85ED26 /* [CP] Check Pods Manifest.lock */,
				17C0F5172552B1B70057976A /* Sources */,
				17C0F5182552B1B70057976A /* Frameworks */,
				17C0F5192552B1B70057976A /* Resources */,
			);
			buildRules = (
			);
			dependencies = (
				17C0F51D2552B1B70057976A /* PBXTargetDependency */,
			);
			name = LiveShowCDTests;
			productName = LiveShowCDTests;
			productReference = 17C0F51B2552B1B70057976A /* LiveShowCDTests.xctest */;
			productType = "com.apple.product-type.bundle.unit-test";
		};
		17C0F5252552B1B70057976A /* LiveShowCDUITests */ = {
			isa = PBXNativeTarget;
			buildConfigurationList = 17C0F5352552B1B70057976A /* Build configuration list for PBXNativeTarget "LiveShowCDUITests" */;
			buildPhases = (
				5FCC8391D4C81EFF55385043 /* [CP] Check Pods Manifest.lock */,
				17C0F5222552B1B70057976A /* Sources */,
				17C0F5232552B1B70057976A /* Frameworks */,
				17C0F5242552B1B70057976A /* Resources */,
			);
			buildRules = (
			);
			dependencies = (
				17C0F5282552B1B70057976A /* PBXTargetDependency */,
			);
			name = LiveShowCDUITests;
			productName = LiveShowCDUITests;
			productReference = 17C0F5262552B1B70057976A /* LiveShowCDUITests.xctest */;
			productType = "com.apple.product-type.bundle.ui-testing";
		};
/* End PBXNativeTarget section */

/* Begin PBXProject section */
		17C0F4F82552B1B40057976A /* Project object */ = {
			isa = PBXProject;
			attributes = {
				LastUpgradeCheck = 1210;
				TargetAttributes = {
					17C0F4FF2552B1B40057976A = {
						CreatedOnToolsVersion = 12.1;
					};
					17C0F51A2552B1B70057976A = {
						CreatedOnToolsVersion = 12.1;
						TestTargetID = 17C0F4FF2552B1B40057976A;
					};
					17C0F5252552B1B70057976A = {
						CreatedOnToolsVersion = 12.1;
						TestTargetID = 17C0F4FF2552B1B40057976A;
					};
				};
			};
			buildConfigurationList = 17C0F4FB2552B1B40057976A /* Build configuration list for PBXProject "LiveShowCD" */;
			compatibilityVersion = "Xcode 9.3";
			developmentRegion = en;
			hasScannedForEncodings = 0;
			knownRegions = (
				en,
				Base,
			);
			mainGroup = 17C0F4F72552B1B40057976A;
			productRefGroup = 17C0F5012552B1B40057976A /* Products */;
			projectDirPath = "";
			projectRoot = "";
			targets = (
				17C0F4FF2552B1B40057976A /* LiveShowCD */,
				17C0F51A2552B1B70057976A /* LiveShowCDTests */,
				17C0F5252552B1B70057976A /* LiveShowCDUITests */,
			);
		};
/* End PBXProject section */

/* Begin PBXResourcesBuildPhase section */
		17C0F4FE2552B1B40057976A /* Resources */ = {
			isa = PBXResourcesBuildPhase;
			buildActionMask = 2147483647;
			files = (
				17C0F5132552B1B70057976A /* LaunchScreen.storyboard in Resources */,
				17C0F5102552B1B70057976A /* Assets.xcassets in Resources */,
				17C0F50E2552B1B40057976A /* Main.storyboard in Resources */,
			);
			runOnlyForDeploymentPostprocessing = 0;
		};
		17C0F5192552B1B70057976A /* Resources */ = {
			isa = PBXResourcesBuildPhase;
			buildActionMask = 2147483647;
			files = (
			);
			runOnlyForDeploymentPostprocessing = 0;
		};
		17C0F5242552B1B70057976A /* Resources */ = {
			isa = PBXResourcesBuildPhase;
			buildActionMask = 2147483647;
			files = (
			);
			runOnlyForDeploymentPostprocessing = 0;
		};
/* End PBXResourcesBuildPhase section */

/* Begin PBXShellScriptBuildPhase section */
		5FCC8391D4C81EFF55385043 /* [CP] Check Pods Manifest.lock */ = {
			isa = PBXShellScriptBuildPhase;
			buildActionMask = 2147483647;
			files = (
			);
			inputFileListPaths = (
			);
			inputPaths = (
				"${PODS_PODFILE_DIR_PATH}/Podfile.lock",
				"${PODS_ROOT}/Manifest.lock",
			);
			name = "[CP] Check Pods Manifest.lock";
			outputFileListPaths = (
			);
			outputPaths = (
				"$(DERIVED_FILE_DIR)/Pods-LiveShowCD-LiveShowCDUITests-checkManifestLockResult.txt",
			);
			runOnlyForDeploymentPostprocessing = 0;
			shellPath = /bin/sh;
			shellScript = "diff \"${PODS_PODFILE_DIR_PATH}/Podfile.lock\" \"${PODS_ROOT}/Manifest.lock\" > /dev/null\nif [ $? != 0 ] ; then\n    # print error to STDERR\n    echo \"error: The sandbox is not in sync with the Podfile.lock. Run 'pod install' or update your CocoaPods installation.\" >&2\n    exit 1\nfi\n# This output is used by Xcode 'outputs' to avoid re-running this script phase.\necho \"SUCCESS\" > \"${SCRIPT_OUTPUT_FILE_0}\"\n";
			showEnvVarsInLog = 0;
		};
		F35D9EC622CF4256B78519FB /* [CP] Check Pods Manifest.lock */ = {
			isa = PBXShellScriptBuildPhase;
			buildActionMask = 2147483647;
			files = (
			);
			inputFileListPaths = (
			);
			inputPaths = (
				"${PODS_PODFILE_DIR_PATH}/Podfile.lock",
				"${PODS_ROOT}/Manifest.lock",
			);
			name = "[CP] Check Pods Manifest.lock";
			outputFileListPaths = (
			);
			outputPaths = (
				"$(DERIVED_FILE_DIR)/Pods-LiveShowCD-checkManifestLockResult.txt",
			);
			runOnlyForDeploymentPostprocessing = 0;
			shellPath = /bin/sh;
			shellScript = "diff \"${PODS_PODFILE_DIR_PATH}/Podfile.lock\" \"${PODS_ROOT}/Manifest.lock\" > /dev/null\nif [ $? != 0 ] ; then\n    # print error to STDERR\n    echo \"error: The sandbox is not in sync with the Podfile.lock. Run 'pod install' or update your CocoaPods installation.\" >&2\n    exit 1\nfi\n# This output is used by Xcode 'outputs' to avoid re-running this script phase.\necho \"SUCCESS\" > \"${SCRIPT_OUTPUT_FILE_0}\"\n";
			showEnvVarsInLog = 0;
		};
		F43CFD305D34B9023F85ED26 /* [CP] Check Pods Manifest.lock */ = {
			isa = PBXShellScriptBuildPhase;
			buildActionMask = 2147483647;
			files = (
			);
			inputFileListPaths = (
			);
			inputPaths = (
				"${PODS_PODFILE_DIR_PATH}/Podfile.lock",
				"${PODS_ROOT}/Manifest.lock",
			);
			name = "[CP] Check Pods Manifest.lock";
			outputFileListPaths = (
			);
			outputPaths = (
				"$(DERIVED_FILE_DIR)/Pods-LiveShowCDTests-checkManifestLockResult.txt",
			);
			runOnlyForDeploymentPostprocessing = 0;
			shellPath = /bin/sh;
			shellScript = "diff \"${PODS_PODFILE_DIR_PATH}/Podfile.lock\" \"${PODS_ROOT}/Manifest.lock\" > /dev/null\nif [ $? != 0 ] ; then\n    # print error to STDERR\n    echo \"error: The sandbox is not in sync with the Podfile.lock. Run 'pod install' or update your CocoaPods installation.\" >&2\n    exit 1\nfi\n# This output is used by Xcode 'outputs' to avoid re-running this script phase.\necho \"SUCCESS\" > \"${SCRIPT_OUTPUT_FILE_0}\"\n";
			showEnvVarsInLog = 0;
		};
/* End PBXShellScriptBuildPhase section */

/* Begin PBXSourcesBuildPhase section */
		17C0F4FC2552B1B40057976A /* Sources */ = {
			isa = PBXSourcesBuildPhase;
			buildActionMask = 2147483647;
			files = (
				17C0F50B2552B1B40057976A /* ViewController.m in Sources */,
				17C0F5052552B1B40057976A /* AppDelegate.m in Sources */,
				176F8838258766E000CA11FB /* MSVideoEncoder.m in Sources */,
				17A58E5825889FD300CDE49A /* MSAudioDecoder.m in Sources */,
				176F8837258766E000CA11FB /* MSVideoDecoder.m in Sources */,
				17C0F5162552B1B70057976A /* main.m in Sources */,
				17C0F5082552B1B40057976A /* SceneDelegate.m in Sources */,
				1766E1B5257F8A1900EEC9DA /* AAPLEAGLLayer.m in Sources */,
				176F8836258766E000CA11FB /* MSCamPreviewView.m in Sources */,
				17A58E5225889FC600CDE49A /* MSAudioEncoder.m in Sources */,
			);
			runOnlyForDeploymentPostprocessing = 0;
		};
		17C0F5172552B1B70057976A /* Sources */ = {
			isa = PBXSourcesBuildPhase;
			buildActionMask = 2147483647;
			files = (
				17C0F5202552B1B70057976A /* LiveShowCDTests.m in Sources */,
			);
			runOnlyForDeploymentPostprocessing = 0;
		};
		17C0F5222552B1B70057976A /* Sources */ = {
			isa = PBXSourcesBuildPhase;
			buildActionMask = 2147483647;
			files = (
				17C0F52B2552B1B70057976A /* LiveShowCDUITests.m in Sources */,
			);
			runOnlyForDeploymentPostprocessing = 0;
		};
/* End PBXSourcesBuildPhase section */

/* Begin PBXTargetDependency section */
		17C0F51D2552B1B70057976A /* PBXTargetDependency */ = {
			isa = PBXTargetDependency;
			target = 17C0F4FF2552B1B40057976A /* LiveShowCD */;
			targetProxy = 17C0F51C2552B1B70057976A /* PBXContainerItemProxy */;
		};
		17C0F5282552B1B70057976A /* PBXTargetDependency */ = {
			isa = PBXTargetDependency;
			target = 17C0F4FF2552B1B40057976A /* LiveShowCD */;
			targetProxy = 17C0F5272552B1B70057976A /* PBXContainerItemProxy */;
		};
/* End PBXTargetDependency section */

/* Begin PBXVariantGroup section */
		17C0F50C2552B1B40057976A /* Main.storyboard */ = {
			isa = PBXVariantGroup;
			children = (
				17C0F50D2552B1B40057976A /* Base */,
			);
			name = Main.storyboard;
			sourceTree = "<group>";
		};
		17C0F5112552B1B70057976A /* LaunchScreen.storyboard */ = {
			isa = PBXVariantGroup;
			children = (
				17C0F5122552B1B70057976A /* Base */,
			);
			name = LaunchScreen.storyboard;
			sourceTree = "<group>";
		};
/* End PBXVariantGroup section */

/* Begin XCBuildConfiguration section */
		17C0F52D2552B1B70057976A /* Debug */ = {
			isa = XCBuildConfiguration;
			buildSettings = {
				ALWAYS_SEARCH_USER_PATHS = NO;
				CLANG_ANALYZER_NONNULL = YES;
				CLANG_ANALYZER_NUMBER_OBJECT_CONVERSION = YES_AGGRESSIVE;
				CLANG_CXX_LANGUAGE_STANDARD = "gnu++14";
				CLANG_CXX_LIBRARY = "libc++";
				CLANG_ENABLE_MODULES = YES;
				CLANG_ENABLE_OBJC_ARC = YES;
				CLANG_ENABLE_OBJC_WEAK = YES;
				CLANG_WARN_BLOCK_CAPTURE_AUTORELEASING = YES;
				CLANG_WARN_BOOL_CONVERSION = YES;
				CLANG_WARN_COMMA = YES;
				CLANG_WARN_CONSTANT_CONVERSION = YES;
				CLANG_WARN_DEPRECATED_OBJC_IMPLEMENTATIONS = YES;
				CLANG_WARN_DIRECT_OBJC_ISA_USAGE = YES_ERROR;
				CLANG_WARN_DOCUMENTATION_COMMENTS = YES;
				CLANG_WARN_EMPTY_BODY = YES;
				CLANG_WARN_ENUM_CONVERSION = YES;
				CLANG_WARN_INFINITE_RECURSION = YES;
				CLANG_WARN_INT_CONVERSION = YES;
				CLANG_WARN_NON_LITERAL_NULL_CONVERSION = YES;
				CLANG_WARN_OBJC_IMPLICIT_RETAIN_SELF = YES;
				CLANG_WARN_OBJC_LITERAL_CONVERSION = YES;
				CLANG_WARN_OBJC_ROOT_CLASS = YES_ERROR;
				CLANG_WARN_QUOTED_INCLUDE_IN_FRAMEWORK_HEADER = YES;
				CLANG_WARN_RANGE_LOOP_ANALYSIS = YES;
				CLANG_WARN_STRICT_PROTOTYPES = YES;
				CLANG_WARN_SUSPICIOUS_MOVE = YES;
				CLANG_WARN_UNGUARDED_AVAILABILITY = YES_AGGRESSIVE;
				CLANG_WARN_UNREACHABLE_CODE = YES;
				CLANG_WARN__DUPLICATE_METHOD_MATCH = YES;
				COPY_PHASE_STRIP = NO;
				DEBUG_INFORMATION_FORMAT = dwarf;
				ENABLE_STRICT_OBJC_MSGSEND = YES;
				ENABLE_TESTABILITY = YES;
				GCC_C_LANGUAGE_STANDARD = gnu11;
				GCC_DYNAMIC_NO_PIC = NO;
				GCC_NO_COMMON_BLOCKS = YES;
				GCC_OPTIMIZATION_LEVEL = 0;
				GCC_PREPROCESSOR_DEFINITIONS = (
					"DEBUG=1",
					"$(inherited)",
				);
				GCC_WARN_64_TO_32_BIT_CONVERSION = YES;
				GCC_WARN_ABOUT_RETURN_TYPE = YES_ERROR;
				GCC_WARN_UNDECLARED_SELECTOR = YES;
				GCC_WARN_UNINITIALIZED_AUTOS = YES_AGGRESSIVE;
				GCC_WARN_UNUSED_FUNCTION = YES;
				GCC_WARN_UNUSED_VARIABLE = YES;
				IPHONEOS_DEPLOYMENT_TARGET = 10.0;
				MTL_ENABLE_DEBUG_INFO = INCLUDE_SOURCE;
				MTL_FAST_MATH = YES;
				ONLY_ACTIVE_ARCH = YES;
				SDKROOT = iphoneos;
			};
			name = Debug;
		};
		17C0F52E2552B1B70057976A /* Release */ = {
			isa = XCBuildConfiguration;
			buildSettings = {
				ALWAYS_SEARCH_USER_PATHS = NO;
				CLANG_ANALYZER_NONNULL = YES;
				CLANG_ANALYZER_NUMBER_OBJECT_CONVERSION = YES_AGGRESSIVE;
				CLANG_CXX_LANGUAGE_STANDARD = "gnu++14";
				CLANG_CXX_LIBRARY = "libc++";
				CLANG_ENABLE_MODULES = YES;
				CLANG_ENABLE_OBJC_ARC = YES;
				CLANG_ENABLE_OBJC_WEAK = YES;
				CLANG_WARN_BLOCK_CAPTURE_AUTORELEASING = YES;
				CLANG_WARN_BOOL_CONVERSION = YES;
				CLANG_WARN_COMMA = YES;
				CLANG_WARN_CONSTANT_CONVERSION = YES;
				CLANG_WARN_DEPRECATED_OBJC_IMPLEMENTATIONS = YES;
				CLANG_WARN_DIRECT_OBJC_ISA_USAGE = YES_ERROR;
				CLANG_WARN_DOCUMENTATION_COMMENTS = YES;
				CLANG_WARN_EMPTY_BODY = YES;
				CLANG_WARN_ENUM_CONVERSION = YES;
				CLANG_WARN_INFINITE_RECURSION = YES;
				CLANG_WARN_INT_CONVERSION = YES;
				CLANG_WARN_NON_LITERAL_NULL_CONVERSION = YES;
				CLANG_WARN_OBJC_IMPLICIT_RETAIN_SELF = YES;
				CLANG_WARN_OBJC_LITERAL_CONVERSION = YES;
				CLANG_WARN_OBJC_ROOT_CLASS = YES_ERROR;
				CLANG_WARN_QUOTED_INCLUDE_IN_FRAMEWORK_HEADER = YES;
				CLANG_WARN_RANGE_LOOP_ANALYSIS = YES;
				CLANG_WARN_STRICT_PROTOTYPES = YES;
				CLANG_WARN_SUSPICIOUS_MOVE = YES;
				CLANG_WARN_UNGUARDED_AVAILABILITY = YES_AGGRESSIVE;
				CLANG_WARN_UNREACHABLE_CODE = YES;
				CLANG_WARN__DUPLICATE_METHOD_MATCH = YES;
				COPY_PHASE_STRIP = NO;
				DEBUG_INFORMATION_FORMAT = "dwarf-with-dsym";
				ENABLE_NS_ASSERTIONS = NO;
				ENABLE_STRICT_OBJC_MSGSEND = YES;
				GCC_C_LANGUAGE_STANDARD = gnu11;
				GCC_NO_COMMON_BLOCKS = YES;
				GCC_WARN_64_TO_32_BIT_CONVERSION = YES;
				GCC_WARN_ABOUT_RETURN_TYPE = YES_ERROR;
				GCC_WARN_UNDECLARED_SELECTOR = YES;
				GCC_WARN_UNINITIALIZED_AUTOS = YES_AGGRESSIVE;
				GCC_WARN_UNUSED_FUNCTION = YES;
				GCC_WARN_UNUSED_VARIABLE = YES;
				IPHONEOS_DEPLOYMENT_TARGET = 10.0;
				MTL_ENABLE_DEBUG_INFO = NO;
				MTL_FAST_MATH = YES;
				SDKROOT = iphoneos;
				VALIDATE_PRODUCT = YES;
			};
			name = Release;
		};
		17C0F5302552B1B70057976A /* Debug */ = {
			isa = XCBuildConfiguration;
			baseConfigurationReference = 55223DCE4E6080391CE2AF0D /* Pods-LiveShowCD.debug.xcconfig */;
			buildSettings = {
				ASSETCATALOG_COMPILER_APPICON_NAME = AppIcon;
				ASSETCATALOG_COMPILER_GLOBAL_ACCENT_COLOR_NAME = AccentColor;
				CODE_SIGN_STYLE = Automatic;
				DEVELOPMENT_TEAM = 7S8WNYZ8UR;
				INFOPLIST_FILE = LiveShowCD/Info.plist;
				IPHONEOS_DEPLOYMENT_TARGET = 10.2;
				LD_RUNPATH_SEARCH_PATHS = (
					"$(inherited)",
					"@executable_path/Frameworks",
				);
				PRODUCT_BUNDLE_IDENTIFIER = com.liveshow.cd.LiveShowCD;
				PRODUCT_NAME = "$(TARGET_NAME)";
				TARGETED_DEVICE_FAMILY = "1,2";
			};
			name = Debug;
		};
		17C0F5312552B1B70057976A /* Release */ = {
			isa = XCBuildConfiguration;
			baseConfigurationReference = 31724D94265D61009135804B /* Pods-LiveShowCD.release.xcconfig */;
			buildSettings = {
				ASSETCATALOG_COMPILER_APPICON_NAME = AppIcon;
				ASSETCATALOG_COMPILER_GLOBAL_ACCENT_COLOR_NAME = AccentColor;
				CODE_SIGN_STYLE = Automatic;
				DEVELOPMENT_TEAM = 7S8WNYZ8UR;
				INFOPLIST_FILE = LiveShowCD/Info.plist;
				IPHONEOS_DEPLOYMENT_TARGET = 10.2;
				LD_RUNPATH_SEARCH_PATHS = (
					"$(inherited)",
					"@executable_path/Frameworks",
				);
				PRODUCT_BUNDLE_IDENTIFIER = com.liveshow.cd.LiveShowCD;
				PRODUCT_NAME = "$(TARGET_NAME)";
				TARGETED_DEVICE_FAMILY = "1,2";
			};
			name = Release;
		};
		17C0F5332552B1B70057976A /* Debug */ = {
			isa = XCBuildConfiguration;
			baseConfigurationReference = E0BF0C2936F8A408DB224C28 /* Pods-LiveShowCDTests.debug.xcconfig */;
			buildSettings = {
				BUNDLE_LOADER = "$(TEST_HOST)";
				CODE_SIGN_STYLE = Automatic;
				DEVELOPMENT_TEAM = 7S8WNYZ8UR;
				INFOPLIST_FILE = LiveShowCDTests/Info.plist;
				IPHONEOS_DEPLOYMENT_TARGET = 14.1;
				LD_RUNPATH_SEARCH_PATHS = (
					"$(inherited)",
					"@executable_path/Frameworks",
					"@loader_path/Frameworks",
				);
				PRODUCT_BUNDLE_IDENTIFIER = com.liveshow.cd.LiveShowCDTests;
				PRODUCT_NAME = "$(TARGET_NAME)";
				TARGETED_DEVICE_FAMILY = "1,2";
				TEST_HOST = "$(BUILT_PRODUCTS_DIR)/LiveShowCD.app/LiveShowCD";
			};
			name = Debug;
		};
		17C0F5342552B1B70057976A /* Release */ = {
			isa = XCBuildConfiguration;
			baseConfigurationReference = EDC162F07DF8CF01419EF3DB /* Pods-LiveShowCDTests.release.xcconfig */;
			buildSettings = {
				BUNDLE_LOADER = "$(TEST_HOST)";
				CODE_SIGN_STYLE = Automatic;
				DEVELOPMENT_TEAM = 7S8WNYZ8UR;
				INFOPLIST_FILE = LiveShowCDTests/Info.plist;
				IPHONEOS_DEPLOYMENT_TARGET = 14.1;
				LD_RUNPATH_SEARCH_PATHS = (
					"$(inherited)",
					"@executable_path/Frameworks",
					"@loader_path/Frameworks",
				);
				PRODUCT_BUNDLE_IDENTIFIER = com.liveshow.cd.LiveShowCDTests;
				PRODUCT_NAME = "$(TARGET_NAME)";
				TARGETED_DEVICE_FAMILY = "1,2";
				TEST_HOST = "$(BUILT_PRODUCTS_DIR)/LiveShowCD.app/LiveShowCD";
			};
			name = Release;
		};
		17C0F5362552B1B70057976A /* Debug */ = {
			isa = XCBuildConfiguration;
			baseConfigurationReference = B48725921B3F58F096AE9376 /* Pods-LiveShowCD-LiveShowCDUITests.debug.xcconfig */;
			buildSettings = {
				CODE_SIGN_STYLE = Automatic;
				DEVELOPMENT_TEAM = 7S8WNYZ8UR;
				INFOPLIST_FILE = LiveShowCDUITests/Info.plist;
				LD_RUNPATH_SEARCH_PATHS = (
					"$(inherited)",
					"@executable_path/Frameworks",
					"@loader_path/Frameworks",
				);
				PRODUCT_BUNDLE_IDENTIFIER = com.liveshow.cd.LiveShowCDUITests;
				PRODUCT_NAME = "$(TARGET_NAME)";
				TARGETED_DEVICE_FAMILY = "1,2";
				TEST_TARGET_NAME = LiveShowCD;
			};
			name = Debug;
		};
		17C0F5372552B1B70057976A /* Release */ = {
			isa = XCBuildConfiguration;
			baseConfigurationReference = E1A5C6CBE76FED59971F96BB /* Pods-LiveShowCD-LiveShowCDUITests.release.xcconfig */;
			buildSettings = {
				CODE_SIGN_STYLE = Automatic;
				DEVELOPMENT_TEAM = 7S8WNYZ8UR;
				INFOPLIST_FILE = LiveShowCDUITests/Info.plist;
				LD_RUNPATH_SEARCH_PATHS = (
					"$(inherited)",
					"@executable_path/Frameworks",
					"@loader_path/Frameworks",
				);
				PRODUCT_BUNDLE_IDENTIFIER = com.liveshow.cd.LiveShowCDUITests;
				PRODUCT_NAME = "$(TARGET_NAME)";
				TARGETED_DEVICE_FAMILY = "1,2";
				TEST_TARGET_NAME = LiveShowCD;
			};
			name = Release;
		};
/* End XCBuildConfiguration section */

/* Begin XCConfigurationList section */
		17C0F4FB2552B1B40057976A /* Build configuration list for PBXProject "LiveShowCD" */ = {
			isa = XCConfigurationList;
			buildConfigurations = (
				17C0F52D2552B1B70057976A /* Debug */,
				17C0F52E2552B1B70057976A /* Release */,
			);
			defaultConfigurationIsVisible = 0;
			defaultConfigurationName = Release;
		};
		17C0F52F2552B1B70057976A /* Build configuration list for PBXNativeTarget "LiveShowCD" */ = {
			isa = XCConfigurationList;
			buildConfigurations = (
				17C0F5302552B1B70057976A /* Debug */,
				17C0F5312552B1B70057976A /* Release */,
			);
			defaultConfigurationIsVisible = 0;
			defaultConfigurationName = Release;
		};
		17C0F5322552B1B70057976A /* Build configuration list for PBXNativeTarget "LiveShowCDTests" */ = {
			isa = XCConfigurationList;
			buildConfigurations = (
				17C0F5332552B1B70057976A /* Debug */,
				17C0F5342552B1B70057976A /* Release */,
			);
			defaultConfigurationIsVisible = 0;
			defaultConfigurationName = Release;
		};
		17C0F5352552B1B70057976A /* Build configuration list for PBXNativeTarget "LiveShowCDUITests" */ = {
			isa = XCConfigurationList;
			buildConfigurations = (
				17C0F5362552B1B70057976A /* Debug */,
				17C0F5372552B1B70057976A /* Release */,
			);
			defaultConfigurationIsVisible = 0;
			defaultConfigurationName = Release;
		};
/* End XCConfigurationList section */
	};
	rootObject = 17C0F4F82552B1B40057976A /* Project object */;
}
